{
  "version": "5",
  "specifiers": {
    "jsr:@supabase/supabase-js@2": "2.114.0",
    "npm:@supabase/auth-js@2.114.0": "2.114.0",
    "npm:@supabase/functions-js@2.114.0": "2.114.0",
    "npm:@supabase/postgrest-js@2.114.0": "2.114.0",
    "npm:@supabase/realtime-js@2.114.0": "2.114.0",
    "npm:@supabase/storage-js@2.114.0": "2.114.0"
  },
  "jsr": {
    "@supabase/supabase-js@2.114.0": {
      "integrity": "88a6205ef8691db7db4675e838d6ac023e4a077759b7d30274faf82978126f5b",
      "dependencies": [
        "npm:@supabase/auth-js",
        "npm:@supabase/functions-js",
        "npm:@supabase/postgrest-js",
        "npm:@supabase/realtime-js",
        "npm:@supabase/storage-js"
      ]
    }
  },
  "npm": {
    "@supabase/auth-js@2.114.0": {
      "integrity": "sha512-7pdAE31YHynM1b2rbrbVtQc4ug5LcUvATe9u3EazlCZMY6jar7Z5JHJlj7/qcO5Z6KAYT26sTr5mvVHePeuC/g==",
      "dependencies": [
        "tslib"
      ]
    },
    "@supabase/functions-js@2.114.0": {
      "integrity": "sha512-N3hzlq2xr6IYkkgj0tC4j0U3LWVshr5U/DAvmD5Bu8bW1ne2XOwxOx3ps6Y3NbptBAlzDrezmeJevlZR4AqsLA==",
      "dependencies": [
        "tslib"
      ]
    },
    "@supabase/phoenix@0.4.5": {
      "integrity": "sha512-aAn9H9ovVyeApKy11OWOrrOGq8DV68yWeH4ud2lN9fzn4aO8Zb5GLL9m1pUg9nLqIcT+ZDfAcsZe0E/nqdv2lw=="
    },
    "@supabase/postgrest-js@2.114.0": {
      "integrity": "sha512-yKAe5Tc47+LLm6YU1OAHWqwkxidlnl/vHDMHx+VANcUaeMfNzDKrXTUuZ5BKCGM4+1gJWm/U3n4W+2aRn8d8dA==",
      "dependencies": [
        "tslib"
      ]
    },
    "@supabase/realtime-js@2.114.0": {
      "integrity": "sha512-gSkuQrM/etAlUnw9YMDA2e+iNMCLezf0IHyOzmetOqy9KPsGe2C3puTd/4xalirnko+p3BEykFVliHaY2yXVrw==",
      "dependencies": [
        "@supabase/phoenix",
        "tslib"
      ]
    },
    "@supabase/storage-js@2.114.0": {
      "integrity": "sha512-leK7YsDVqIKd9hQRJeK03QRZ8Slg2JExmNIj+BL7dkD3m+ZNREJ7ITQdrc7VhNhh8+Eb/ebm1Ts4AOoY4LFSiA==",
      "dependencies": [
        "iceberg-js",
        "tslib"
      ]
    },
    "iceberg-js@0.8.1": {
      "integrity": "sha512-1dhVQZXhcHje7798IVM+xoo/1ZdVfzOMIc8/rgVSijRK38EDqOJoGula9N/8ZI5RD8QTxNQtK/Gozpr+qUqRRA=="
    },
    "tslib@2.8.1": {
      "integrity": "sha512-oJFu94HQb+KVduSUQL7wnpmqnfmLsOA/nAh6b6EH0wCEoK0/mPeXU6c3wKDV83MkOuHPRHtSXKKU99IBazS/2w=="
    }
  },
  "workspace": {
    "packageJson": {
      "dependencies": [
        "npm:@capacitor-community/apple-sign-in@^7.1.0",
        "npm:@capacitor-community/contacts@8",
        "npm:@capacitor/app@^8.1.0",
        "npm:@capacitor/browser@^8.0.3",
        "npm:@capacitor/cli@^8.3.4",
        "npm:@capacitor/core@^8.3.4",
        "npm:@capacitor/ios@^8.3.4",
        "npm:@capacitor/keyboard@^8.0.3",
        "npm:@capacitor/preferences@^8.0.1",
        "npm:@capacitor/share@^8.0.1",
        "npm:@capacitor/status-bar@^8.0.2",
        "npm:@mux/mux-player-react@^3.13.0",
        "npm:@revenuecat/purchases-capacitor@^13.5.0",
        "npm:@supabase/supabase-js@^2.100.0",
        "npm:@tailwindcss/vite@^4.1.14",
        "npm:@types/node@^22.14.0",
        "npm:@vitejs/plugin-react@^5.0.4",
        "npm:autoprefixer@^10.4.21",
        "npm:clsx@^2.1.1",
        "npm:libphonenumber-js@^1.13.12",
        "npm:lucide-react@0.546",
        "npm:mapbox-gl@^3.20.0",
        "npm:motion@^12.23.24",
        "npm:patch-package@^8.0.1",
        "npm:react-dom@19",
        "npm:react-router-dom@^7.13.2",
        "npm:react@19",
        "npm:recharts@^3.8.0",
        "npm:tailwind-merge@^3.5.0",
        "npm:tailwindcss@^4.1.14",
        "npm:typescript@~5.8.2",
        "npm:vite@^6.2.0",
        "npm:vitest@^4.1.8"
      ]
    }
  }
}
